PODS:
  - MRGDiagnostics (0.3.0)

DEPENDENCIES:
  - MRGDiagnostics (from `../MRGDiagnostics.podspec`)

EXTERNAL SOURCES:
  MRGDiagnostics:
    :path: "../MRGDiagnostics.podspec"

SPEC CHECKSUMS:
  MRGDiagnostics: 33be37fa4010649c377172ac228ab3c09de8b1a3

PODFILE CHECKSUM: 2cb83eab7390104edf320d75da1432d9c36b4156

COCOAPODS: 1.9.1
